// !$*UTF8*$!
{
	archiveVersion = 1;
	classes = {
	};
	objectVersion = 46;
	objects = {

/* Begin PBXBuildFile section */
		223E277F1756A7E6008B8B0D /* ShinobiCoreDataSeederTests.m in Sources */ = {isa = PBXBuildFile; fileRef = 223E277E1756A7E6008B8B0D /* ShinobiCoreDataSeederTests.m */; };
		228C0E18173893F80093D659 /* UIKit.framework in Frameworks */ = {isa = PBXBuildFile; fileRef = 228C0E17173893F80093D659 /* UIKit.framework */; };
		228C0E1A173893F80093D659 /* Foundation.framework in Frameworks */ = {isa = PBXBuildFile; fileRef = 228C0E19173893F80093D659 /* Foundation.framework */; };
		228C0E1C173893F80093D659 /* CoreGraphics.framework in Frameworks */ = {isa = PBXBuildFile; fileRef = 228C0E1B173893F80093D659 /* CoreGraphics.framework */; };
		228C0E1E173893F80093D659 /* CoreData.framework in Frameworks */ = {isa = PBXBuildFile; fileRef = 228C0E1D173893F80093D659 /* CoreData.framework */; };
		228C0E24173893F80093D659 /* InfoPlist.strings in Resources */ = {isa = PBXBuildFile; fileRef = 228C0E22173893F80093D659 /* InfoPlist.strings */; };
		228C0E26173893F80093D659 /* main.m in Sources */ = {isa = PBXBuildFile; fileRef = 228C0E25173893F80093D659 /* main.m */; };
		228C0E2A173893F80093D659 /* AppDelegate.m in Sources */ = {isa = PBXBuildFile; fileRef = 228C0E29173893F80093D659 /* AppDelegate.m */; };
		228C0E2C173893F80093D659 /* Default.png in Resources */ = {isa = PBXBuildFile; fileRef = 228C0E2B173893F80093D659 /* Default.png */; };
		228C0E2E173893F80093D659 /* Default@2x.png in Resources */ = {isa = PBXBuildFile; fileRef = 228C0E2D173893F80093D659 /* Default@2x.png */; };
		228C0E30173893F80093D659 /* Default-568h@2x.png in Resources */ = {isa = PBXBuildFile; fileRef = 228C0E2F173893F80093D659 /* Default-568h@2x.png */; };
		228C0E33173893F90093D659 /* TeamList.xcdatamodeld in Sources */ = {isa = PBXBuildFile; fileRef = 228C0E31173893F90093D659 /* TeamList.xcdatamodeld */; };
		228C0E3B173893F90093D659 /* SenTestingKit.framework in Frameworks */ = {isa = PBXBuildFile; fileRef = 228C0E3A173893F90093D659 /* SenTestingKit.framework */; };
		228C0E3C173893F90093D659 /* UIKit.framework in Frameworks */ = {isa = PBXBuildFile; fileRef = 228C0E17173893F80093D659 /* UIKit.framework */; };
		228C0E3D173893F90093D659 /* Foundation.framework in Frameworks */ = {isa = PBXBuildFile; fileRef = 228C0E19173893F80093D659 /* Foundation.framework */; };
		228C0E3E173893F90093D659 /* CoreData.framework in Frameworks */ = {isa = PBXBuildFile; fileRef = 228C0E1D173893F80093D659 /* CoreData.framework */; };
		228C0E46173893F90093D659 /* InfoPlist.strings in Resources */ = {isa = PBXBuildFile; fileRef = 228C0E44173893F90093D659 /* InfoPlist.strings */; };
		228C0E49173893F90093D659 /* TeamListTests.m in Sources */ = {isa = PBXBuildFile; fileRef = 228C0E48173893F90093D659 /* TeamListTests.m */; };
		228C0E5B173894BF0093D659 /* 44_no_sort.png in Resources */ = {isa = PBXBuildFile; fileRef = 228C0E54173894BF0093D659 /* 44_no_sort.png */; };
		228C0E5C173894BF0093D659 /* 44_no_sort@2x.png in Resources */ = {isa = PBXBuildFile; fileRef = 228C0E55173894BF0093D659 /* 44_no_sort@2x.png */; };
		228C0E5D173894BF0093D659 /* 44_sort_down.png in Resources */ = {isa = PBXBuildFile; fileRef = 228C0E56173894BF0093D659 /* 44_sort_down.png */; };
		228C0E5E173894BF0093D659 /* 44_sort_down@2x.png in Resources */ = {isa = PBXBuildFile; fileRef = 228C0E57173894BF0093D659 /* 44_sort_down@2x.png */; };
		228C0E5F173894BF0093D659 /* 44_sort_up.png in Resources */ = {isa = PBXBuildFile; fileRef = 228C0E58173894BF0093D659 /* 44_sort_up.png */; };
		228C0E60173894BF0093D659 /* 44_sort_up@2x.png in Resources */ = {isa = PBXBuildFile; fileRef = 228C0E59173894BF0093D659 /* 44_sort_up@2x.png */; };
		228C0E61173894BF0093D659 /* ShinobiGrids.framework in Frameworks */ = {isa = PBXBuildFile; fileRef = 228C0E5A173894BF0093D659 /* ShinobiGrids.framework */; };
		228C0E65173895470093D659 /* ShinobiLicense.m in Sources */ = {isa = PBXBuildFile; fileRef = 228C0E64173895470093D659 /* ShinobiLicense.m */; };
		228C0E67173895F10093D659 /* ShinobiLicense.plist in Resources */ = {isa = PBXBuildFile; fileRef = 228C0E66173895F10093D659 /* ShinobiLicense.plist */; };
		22EADFC6173EEBBC00ED77E9 /* ShinobiCoreDataSeeder.m in Sources */ = {isa = PBXBuildFile; fileRef = 22EADFC5173EEBBC00ED77E9 /* ShinobiCoreDataSeeder.m */; };
		22EADFCB173EF05E00ED77E9 /* TeamListDAO.m in Sources */ = {isa = PBXBuildFile; fileRef = 22EADFCA173EF05E00ED77E9 /* TeamListDAO.m */; };
		22EADFCF173EF07E00ED77E9 /* TeamListDAOTests.m in Sources */ = {isa = PBXBuildFile; fileRef = 22EADFCE173EF07E00ED77E9 /* TeamListDAOTests.m */; };
		22EADFD4173EFCDE00ED77E9 /* Employee.m in Sources */ = {isa = PBXBuildFile; fileRef = 22EADFD3173EFCDE00ED77E9 /* Employee.m */; };
		22EADFD7173EFD0300ED77E9 /* Team.m in Sources */ = {isa = PBXBuildFile; fileRef = 22EADFD6173EFD0300ED77E9 /* Team.m */; };
/* End PBXBuildFile section */

/* Begin PBXContainerItemProxy section */
		228C0E3F173893F90093D659 /* PBXContainerItemProxy */ = {
			isa = PBXContainerItemProxy;
			containerPortal = 228C0E0C173893F80093D659 /* Project object */;
			proxyType = 1;
			remoteGlobalIDString = 228C0E13173893F80093D659;
			remoteInfo = TeamList;
		};
/* End PBXContainerItemProxy section */

/* Begin PBXFileReference section */
		223E277D1756A7E6008B8B0D /* ShinobiCoreDataSeederTests.h */ = {isa = PBXFileReference; fileEncoding = 4; lastKnownFileType = sourcecode.c.h; path = ShinobiCoreDataSeederTests.h; sourceTree = "<group>"; };
		223E277E1756A7E6008B8B0D /* ShinobiCoreDataSeederTests.m */ = {isa = PBXFileReference; fileEncoding = 4; lastKnownFileType = sourcecode.c.objc; path = ShinobiCoreDataSeederTests.m; sourceTree = "<group>"; };
		228C0E14173893F80093D659 /* TeamList.app */ = {isa = PBXFileReference; explicitFileType = wrapper.application; includeInIndex = 0; path = TeamList.app; sourceTree = BUILT_PRODUCTS_DIR; };
		228C0E17173893F80093D659 /* UIKit.framework */ = {isa = PBXFileReference; lastKnownFileType = wrapper.framework; name = UIKit.framework; path = System/Library/Frameworks/UIKit.framework; sourceTree = SDKROOT; };
		228C0E19173893F80093D659 /* Foundation.framework */ = {isa = PBXFileReference; lastKnownFileType = wrapper.framework; name = Foundation.framework; path = System/Library/Frameworks/Foundation.framework; sourceTree = SDKROOT; };
		228C0E1B173893F80093D659 /* CoreGraphics.framework */ = {isa = PBXFileReference; lastKnownFileType = wrapper.framework; name = CoreGraphics.framework; path = System/Library/Frameworks/CoreGraphics.framework; sourceTree = SDKROOT; };
		228C0E1D173893F80093D659 /* CoreData.framework */ = {isa = PBXFileReference; lastKnownFileType = wrapper.framework; name = CoreData.framework; path = System/Library/Frameworks/CoreData.framework; sourceTree = SDKROOT; };
		228C0E21173893F80093D659 /* TeamList-Info.plist */ = {isa = PBXFileReference; lastKnownFileType = text.plist.xml; path = "TeamList-Info.plist"; sourceTree = "<group>"; };
		228C0E23173893F80093D659 /* en */ = {isa = PBXFileReference; lastKnownFileType = text.plist.strings; name = en; path = en.lproj/InfoPlist.strings; sourceTree = "<group>"; };
		228C0E25173893F80093D659 /* main.m */ = {isa = PBXFileReference; lastKnownFileType = sourcecode.c.objc; path = main.m; sourceTree = "<group>"; };
		228C0E27173893F80093D659 /* TeamList-Prefix.pch */ = {isa = PBXFileReference; lastKnownFileType = sourcecode.c.h; path = "TeamList-Prefix.pch"; sourceTree = "<group>"; };
		228C0E28173893F80093D659 /* AppDelegate.h */ = {isa = PBXFileReference; lastKnownFileType = sourcecode.c.h; path = AppDelegate.h; sourceTree = "<group>"; };
		228C0E29173893F80093D659 /* AppDelegate.m */ = {isa = PBXFileReference; lastKnownFileType = sourcecode.c.objc; path = AppDelegate.m; sourceTree = "<group>"; };
		228C0E2B173893F80093D659 /* Default.png */ = {isa = PBXFileReference; lastKnownFileType = image.png; path = Default.png; sourceTree = "<group>"; };
		228C0E2D173893F80093D659 /* Default@2x.png */ = {isa = PBXFileReference; lastKnownFileType = image.png; path = "Default@2x.png"; sourceTree = "<group>"; };
		228C0E2F173893F80093D659 /* Default-568h@2x.png */ = {isa = PBXFileReference; lastKnownFileType = image.png; path = "Default-568h@2x.png"; sourceTree = "<group>"; };
		228C0E32173893F90093D659 /* TeamList.xcdatamodel */ = {isa = PBXFileReference; lastKnownFileType = wrapper.xcdatamodel; path = TeamList.xcdatamodel; sourceTree = "<group>"; };
		228C0E39173893F90093D659 /* TeamListTests.octest */ = {isa = PBXFileReference; explicitFileType = wrapper.cfbundle; includeInIndex = 0; path = TeamListTests.octest; sourceTree = BUILT_PRODUCTS_DIR; };
		228C0E3A173893F90093D659 /* SenTestingKit.framework */ = {isa = PBXFileReference; lastKnownFileType = wrapper.framework; name = SenTestingKit.framework; path = Library/Frameworks/SenTestingKit.framework; sourceTree = DEVELOPER_DIR; };
		228C0E43173893F90093D659 /* TeamListTests-Info.plist */ = {isa = PBXFileReference; lastKnownFileType = text.plist.xml; path = "TeamListTests-Info.plist"; sourceTree = "<group>"; };
		228C0E45173893F90093D659 /* en */ = {isa = PBXFileReference; lastKnownFileType = text.plist.strings; name = en; path = en.lproj/InfoPlist.strings; sourceTree = "<group>"; };
		228C0E47173893F90093D659 /* TeamListTests.h */ = {isa = PBXFileReference; lastKnownFileType = sourcecode.c.h; path = TeamListTests.h; sourceTree = "<group>"; };
		228C0E48173893F90093D659 /* TeamListTests.m */ = {isa = PBXFileReference; lastKnownFileType = sourcecode.c.objc; path = TeamListTests.m; sourceTree = "<group>"; };
		228C0E54173894BF0093D659 /* 44_no_sort.png */ = {isa = PBXFileReference; lastKnownFileType = image.png; path = 44_no_sort.png; sourceTree = "<group>"; };
		228C0E55173894BF0093D659 /* 44_no_sort@2x.png */ = {isa = PBXFileReference; lastKnownFileType = image.png; path = "44_no_sort@2x.png"; sourceTree = "<group>"; };
		228C0E56173894BF0093D659 /* 44_sort_down.png */ = {isa = PBXFileReference; lastKnownFileType = image.png; path = 44_sort_down.png; sourceTree = "<group>"; };
		228C0E57173894BF0093D659 /* 44_sort_down@2x.png */ = {isa = PBXFileReference; lastKnownFileType = image.png; path = "44_sort_down@2x.png"; sourceTree = "<group>"; };
		228C0E58173894BF0093D659 /* 44_sort_up.png */ = {isa = PBXFileReference; lastKnownFileType = image.png; path = 44_sort_up.png; sourceTree = "<group>"; };
		228C0E59173894BF0093D659 /* 44_sort_up@2x.png */ = {isa = PBXFileReference; lastKnownFileType = image.png; path = "44_sort_up@2x.png"; sourceTree = "<group>"; };
		228C0E5A173894BF0093D659 /* ShinobiGrids.framework */ = {isa = PBXFileReference; lastKnownFileType = wrapper.framework; path = ShinobiGrids.framework; sourceTree = "<group>"; };
		228C0E63173895470093D659 /* ShinobiLicense.h */ = {isa = PBXFileReference; fileEncoding = 4; lastKnownFileType = sourcecode.c.h; path = ShinobiLicense.h; sourceTree = "<group>"; };
		228C0E64173895470093D659 /* ShinobiLicense.m */ = {isa = PBXFileReference; fileEncoding = 4; lastKnownFileType = sourcecode.c.objc; path = ShinobiLicense.m; sourceTree = "<group>"; };
		228C0E66173895F10093D659 /* ShinobiLicense.plist */ = {isa = PBXFileReference; fileEncoding = 4; lastKnownFileType = text.plist.xml; path = ShinobiLicense.plist; sourceTree = "<group>"; };
		22EADFC4173EEBBC00ED77E9 /* ShinobiCoreDataSeeder.h */ = {isa = PBXFileReference; fileEncoding = 4; lastKnownFileType = sourcecode.c.h; path = ShinobiCoreDataSeeder.h; sourceTree = "<group>"; };
		22EADFC5173EEBBC00ED77E9 /* ShinobiCoreDataSeeder.m */ = {isa = PBXFileReference; fileEncoding = 4; lastKnownFileType = sourcecode.c.objc; path = ShinobiCoreDataSeeder.m; sourceTree = "<group>"; };
		22EADFC9173EF05E00ED77E9 /* TeamListDAO.h */ = {isa = PBXFileReference; fileEncoding = 4; lastKnownFileType = sourcecode.c.h; path = TeamListDAO.h; sourceTree = "<group>"; };
		22EADFCA173EF05E00ED77E9 /* TeamListDAO.m */ = {isa = PBXFileReference; fileEncoding = 4; lastKnownFileType = sourcecode.c.objc; path = TeamListDAO.m; sourceTree = "<group>"; };
		22EADFCD173EF07E00ED77E9 /* TeamListDAOTests.h */ = {isa = PBXFileReference; fileEncoding = 4; lastKnownFileType = sourcecode.c.h; path = TeamListDAOTests.h; sourceTree = "<group>"; };
		22EADFCE173EF07E00ED77E9 /* TeamListDAOTests.m */ = {isa = PBXFileReference; fileEncoding = 4; lastKnownFileType = sourcecode.c.objc; path = TeamListDAOTests.m; sourceTree = "<group>"; };
		22EADFD0173EF32200ED77E9 /* TeamListDAOProtocol.h */ = {isa = PBXFileReference; lastKnownFileType = sourcecode.c.h; path = TeamListDAOProtocol.h; sourceTree = "<group>"; };
		22EADFD2173EFCDE00ED77E9 /* Employee.h */ = {isa = PBXFileReference; fileEncoding = 4; lastKnownFileType = sourcecode.c.h; path = Employee.h; sourceTree = "<group>"; };
		22EADFD3173EFCDE00ED77E9 /* Employee.m */ = {isa = PBXFileReference; fileEncoding = 4; lastKnownFileType = sourcecode.c.objc; path = Employee.m; sourceTree = "<group>"; };
		22EADFD5173EFD0300ED77E9 /* Team.h */ = {isa = PBXFileReference; fileEncoding = 4; lastKnownFileType = sourcecode.c.h; path = Team.h; sourceTree = "<group>"; };
		22EADFD6173EFD0300ED77E9 /* Team.m */ = {isa = PBXFileReference; fileEncoding = 4; lastKnownFileType = sourcecode.c.objc; path = Team.m; sourceTree = "<group>"; };
/* End PBXFileReference section */

/* Begin PBXFrameworksBuildPhase section */
		228C0E11173893F80093D659 /* Frameworks */ = {
			isa = PBXFrameworksBuildPhase;
			buildActionMask = 2147483647;
			files = (
				228C0E18173893F80093D659 /* UIKit.framework in Frameworks */,
				228C0E1A173893F80093D659 /* Foundation.framework in Frameworks */,
				228C0E1C173893F80093D659 /* CoreGraphics.framework in Frameworks */,
				228C0E1E173893F80093D659 /* CoreData.framework in Frameworks */,
				228C0E61173894BF0093D659 /* ShinobiGrids.framework in Frameworks */,
			);
			runOnlyForDeploymentPostprocessing = 0;
		};
		228C0E35173893F90093D659 /* Frameworks */ = {
			isa = PBXFrameworksBuildPhase;
			buildActionMask = 2147483647;
			files = (
				228C0E3B173893F90093D659 /* SenTestingKit.framework in Frameworks */,
				228C0E3C173893F90093D659 /* UIKit.framework in Frameworks */,
				228C0E3D173893F90093D659 /* Foundation.framework in Frameworks */,
				228C0E3E173893F90093D659 /* CoreData.framework in Frameworks */,
			);
			runOnlyForDeploymentPostprocessing = 0;
		};
/* End PBXFrameworksBuildPhase section */

/* Begin PBXGroup section */
		223E277C1756A796008B8B0D /* Utilities */ = {
			isa = PBXGroup;
			children = (
				223E277D1756A7E6008B8B0D /* ShinobiCoreDataSeederTests.h */,
				223E277E1756A7E6008B8B0D /* ShinobiCoreDataSeederTests.m */,
			);
			name = Utilities;
			sourceTree = "<group>";
		};
		228C0E0B173893F80093D659 = {
			isa = PBXGroup;
			children = (
				228C0E1F173893F80093D659 /* TeamList */,
				228C0E41173893F90093D659 /* TeamListTests */,
				228C0E16173893F80093D659 /* Frameworks */,
				228C0E15173893F80093D659 /* Products */,
			);
			indentWidth = 4;
			sourceTree = "<group>";
			tabWidth = 4;
			usesTabs = 0;
		};
		228C0E15173893F80093D659 /* Products */ = {
			isa = PBXGroup;
			children = (
				228C0E14173893F80093D659 /* TeamList.app */,
				228C0E39173893F90093D659 /* TeamListTests.octest */,
			);
			name = Products;
			sourceTree = "<group>";
		};
		228C0E16173893F80093D659 /* Frameworks */ = {
			isa = PBXGroup;
			children = (
				228C0E52173894BF0093D659 /* ShinobiGrids.embeddedframework */,
				228C0E17173893F80093D659 /* UIKit.framework */,
				228C0E19173893F80093D659 /* Foundation.framework */,
				228C0E1B173893F80093D659 /* CoreGraphics.framework */,
				228C0E1D173893F80093D659 /* CoreData.framework */,
				228C0E3A173893F90093D659 /* SenTestingKit.framework */,
			);
			name = Frameworks;
			sourceTree = "<group>";
		};
		228C0E1F173893F80093D659 /* TeamList */ = {
			isa = PBXGroup;
			children = (
				22EADFC3173EE9C000ED77E9 /* Data */,
				228C0E62173894F40093D659 /* Licensing */,
				228C0E28173893F80093D659 /* AppDelegate.h */,
				228C0E29173893F80093D659 /* AppDelegate.m */,
				228C0E20173893F80093D659 /* Supporting Files */,
			);
			path = TeamList;
			sourceTree = "<group>";
		};
		228C0E20173893F80093D659 /* Supporting Files */ = {
			isa = PBXGroup;
			children = (
				228C0E21173893F80093D659 /* TeamList-Info.plist */,
				228C0E22173893F80093D659 /* InfoPlist.strings */,
				228C0E25173893F80093D659 /* main.m */,
				228C0E27173893F80093D659 /* TeamList-Prefix.pch */,
				228C0E2B173893F80093D659 /* Default.png */,
				228C0E2D173893F80093D659 /* Default@2x.png */,
				228C0E2F173893F80093D659 /* Default-568h@2x.png */,
			);
			name = "Supporting Files";
			sourceTree = "<group>";
		};
		228C0E41173893F90093D659 /* TeamListTests */ = {
			isa = PBXGroup;
			children = (
				223E277C1756A796008B8B0D /* Utilities */,
				22EADFCC173EF06600ED77E9 /* DAO */,
				228C0E47173893F90093D659 /* TeamListTests.h */,
				228C0E48173893F90093D659 /* TeamListTests.m */,
				228C0E42173893F90093D659 /* Supporting Files */,
			);
			path = TeamListTests;
			sourceTree = "<group>";
		};
		228C0E42173893F90093D659 /* Supporting Files */ = {
			isa = PBXGroup;
			children = (
				228C0E43173893F90093D659 /* TeamListTests-Info.plist */,
				228C0E44173893F90093D659 /* InfoPlist.strings */,
			);
			name = "Supporting Files";
			sourceTree = "<group>";
		};
		228C0E52173894BF0093D659 /* ShinobiGrids.embeddedframework */ = {
			isa = PBXGroup;
			children = (
				228C0E53173894BF0093D659 /* Resources */,
				228C0E5A173894BF0093D659 /* ShinobiGrids.framework */,
			);
			path = ShinobiGrids.embeddedframework;
			sourceTree = "<group>";
		};
		228C0E53173894BF0093D659 /* Resources */ = {
			isa = PBXGroup;
			children = (
				228C0E54173894BF0093D659 /* 44_no_sort.png */,
				228C0E55173894BF0093D659 /* 44_no_sort@2x.png */,
				228C0E56173894BF0093D659 /* 44_sort_down.png */,
				228C0E57173894BF0093D659 /* 44_sort_down@2x.png */,
				228C0E58173894BF0093D659 /* 44_sort_up.png */,
				228C0E59173894BF0093D659 /* 44_sort_up@2x.png */,
			);
			path = Resources;
			sourceTree = "<group>";
		};
		228C0E62173894F40093D659 /* Licensing */ = {
			isa = PBXGroup;
			children = (
				228C0E63173895470093D659 /* ShinobiLicense.h */,
				228C0E64173895470093D659 /* ShinobiLicense.m */,
				228C0E66173895F10093D659 /* ShinobiLicense.plist */,
			);
			name = Licensing;
			sourceTree = "<group>";
		};
		22EADFC3173EE9C000ED77E9 /* Data */ = {
			isa = PBXGroup;
			children = (
				22EADFD1173EFC8900ED77E9 /* CoreData */,
				22EADFC8173EED0800ED77E9 /* DAO */,
				22EADFC7173EEC5300ED77E9 /* Utilities */,
			);
			name = Data;
			sourceTree = "<group>";
		};
		22EADFC7173EEC5300ED77E9 /* Utilities */ = {
			isa = PBXGroup;
			children = (
				22EADFC4173EEBBC00ED77E9 /* ShinobiCoreDataSeeder.h */,
				22EADFC5173EEBBC00ED77E9 /* ShinobiCoreDataSeeder.m */,
			);
			name = Utilities;
			sourceTree = "<group>";
		};
		22EADFC8173EED0800ED77E9 /* DAO */ = {
			isa = PBXGroup;
			children = (
				22EADFC9173EF05E00ED77E9 /* TeamListDAO.h */,
				22EADFCA173EF05E00ED77E9 /* TeamListDAO.m */,
				22EADFD0173EF32200ED77E9 /* TeamListDAOProtocol.h */,
			);
			name = DAO;
			sourceTree = "<group>";
		};
		22EADFCC173EF06600ED77E9 /* DAO */ = {
			isa = PBXGroup;
			children = (
				22EADFCD173EF07E00ED77E9 /* TeamListDAOTests.h */,
				22EADFCE173EF07E00ED77E9 /* TeamListDAOTests.m */,
			);
			name = DAO;
			sourceTree = "<group>";
		};
		22EADFD1173EFC8900ED77E9 /* CoreData */ = {
			isa = PBXGroup;
			children = (
				22EADFD5173EFD0300ED77E9 /* Team.h */,
				22EADFD6173EFD0300ED77E9 /* Team.m */,
				22EADFD2173EFCDE00ED77E9 /* Employee.h */,
				22EADFD3173EFCDE00ED77E9 /* Employee.m */,
				228C0E31173893F90093D659 /* TeamList.xcdatamodeld */,
			);
			name = CoreData;
			sourceTree = "<group>";
		};
/* End PBXGroup section */

/* Begin PBXNativeTarget section */
		228C0E13173893F80093D659 /* TeamList */ = {
			isa = PBXNativeTarget;
			buildConfigurationList = 228C0E4C173893F90093D659 /* Build configuration list for PBXNativeTarget "TeamList" */;
			buildPhases = (
				228C0E10173893F80093D659 /* Sources */,
				228C0E11173893F80093D659 /* Frameworks */,
				228C0E12173893F80093D659 /* Resources */,
				033F2CF70C034BF5BD306F4E /* Warn for TODO and FIXME comments */,
			);
			buildRules = (
			);
			dependencies = (
			);
			name = TeamList;
			productName = TeamList;
			productReference = 228C0E14173893F80093D659 /* TeamList.app */;
			productType = "com.apple.product-type.application";
		};
		228C0E38173893F90093D659 /* TeamListTests */ = {
			isa = PBXNativeTarget;
			buildConfigurationList = 228C0E4F173893F90093D659 /* Build configuration list for PBXNativeTarget "TeamListTests" */;
			buildPhases = (
				228C0E34173893F90093D659 /* Sources */,
				228C0E35173893F90093D659 /* Frameworks */,
				228C0E36173893F90093D659 /* Resources */,
				228C0E37173893F90093D659 /* ShellScript */,
			);
			buildRules = (
			);
			dependencies = (
				228C0E40173893F90093D659 /* PBXTargetDependency */,
			);
			name = TeamListTests;
			productName = TeamListTests;
			productReference = 228C0E39173893F90093D659 /* TeamListTests.octest */;
			productType = "com.apple.product-type.bundle";
		};
/* End PBXNativeTarget section */

/* Begin PBXProject section */
		228C0E0C173893F80093D659 /* Project object */ = {
			isa = PBXProject;
			attributes = {
				LastUpgradeCheck = 0460;
				ORGANIZATIONNAME = "Shinobi Controls";
			};
			buildConfigurationList = 228C0E0F173893F80093D659 /* Build configuration list for PBXProject "TeamList" */;
			compatibilityVersion = "Xcode 3.2";
			developmentRegion = English;
			hasScannedForEncodings = 0;
			knownRegions = (
				en,
			);
			mainGroup = 228C0E0B173893F80093D659;
			productRefGroup = 228C0E15173893F80093D659 /* Products */;
			projectDirPath = "";
			projectRoot = "";
			targets = (
				228C0E13173893F80093D659 /* TeamList */,
				228C0E38173893F90093D659 /* TeamListTests */,
			);
		};
/* End PBXProject section */

/* Begin PBXResourcesBuildPhase section */
		228C0E12173893F80093D659 /* Resources */ = {
			isa = PBXResourcesBuildPhase;
			buildActionMask = 2147483647;
			files = (
				228C0E24173893F80093D659 /* InfoPlist.strings in Resources */,
				228C0E2C173893F80093D659 /* Default.png in Resources */,
				228C0E2E173893F80093D659 /* Default@2x.png in Resources */,
				228C0E30173893F80093D659 /* Default-568h@2x.png in Resources */,
				228C0E5B173894BF0093D659 /* 44_no_sort.png in Resources */,
				228C0E5C173894BF0093D659 /* 44_no_sort@2x.png in Resources */,
				228C0E5D173894BF0093D659 /* 44_sort_down.png in Resources */,
				228C0E5E173894BF0093D659 /* 44_sort_down@2x.png in Resources */,
				228C0E5F173894BF0093D659 /* 44_sort_up.png in Resources */,
				228C0E60173894BF0093D659 /* 44_sort_up@2x.png in Resources */,
				228C0E67173895F10093D659 /* ShinobiLicense.plist in Resources */,
			);
			runOnlyForDeploymentPostprocessing = 0;
		};
		228C0E36173893F90093D659 /* Resources */ = {
			isa = PBXResourcesBuildPhase;
			buildActionMask = 2147483647;
			files = (
				228C0E46173893F90093D659 /* InfoPlist.strings in Resources */,
			);
			runOnlyForDeploymentPostprocessing = 0;
		};
/* End PBXResourcesBuildPhase section */

/* Begin PBXShellScriptBuildPhase section */
		033F2CF70C034BF5BD306F4E /* Warn for TODO and FIXME comments */ = {
			isa = PBXShellScriptBuildPhase;
			buildActionMask = 2147483647;
			files = (
			);
			inputPaths = (
			);
			name = "Warn for TODO and FIXME comments";
			outputPaths = (
			);
			runOnlyForDeploymentPostprocessing = 0;
			shellPath = /bin/sh;
			shellScript = "KEYWORDS=\"TODO:|FIXME:|\\?\\?\\?:|\\!\\!\\!:\"\nFILE_EXTENSIONS=\"h|m|mm|c|cpp\"\nfind -E \"${SRCROOT}\" -ipath \"${SRCROOT}/pods\" -prune -o \\( -regex \".*\\.($FILE_EXTENSIONS)$\" \\) -print0 | xargs -0 egrep --with-filename --line-number --only-matching \"($KEYWORDS).*\\$\" | perl -p -e \"s/($KEYWORDS)/ warning: \\$1/\"\n";
		};
		228C0E37173893F90093D659 /* ShellScript */ = {
			isa = PBXShellScriptBuildPhase;
			buildActionMask = 2147483647;
			files = (
			);
			inputPaths = (
			);
			outputPaths = (
			);
			runOnlyForDeploymentPostprocessing = 0;
			shellPath = /bin/sh;
			shellScript = "# Run the unit tests in this test bundle.\n\"${SYSTEM_DEVELOPER_DIR}/Tools/RunUnitTests\"\n";
		};
/* End PBXShellScriptBuildPhase section */

/* Begin PBXSourcesBuildPhase section */
		228C0E10173893F80093D659 /* Sources */ = {
			isa = PBXSourcesBuildPhase;
			buildActionMask = 2147483647;
			files = (
				228C0E26173893F80093D659 /* main.m in Sources */,
				228C0E2A173893F80093D659 /* AppDelegate.m in Sources */,
				228C0E33173893F90093D659 /* TeamList.xcdatamodeld in Sources */,
				228C0E65173895470093D659 /* ShinobiLicense.m in Sources */,
				22EADFC6173EEBBC00ED77E9 /* ShinobiCoreDataSeeder.m in Sources */,
				22EADFCB173EF05E00ED77E9 /* TeamListDAO.m in Sources */,
				22EADFD4173EFCDE00ED77E9 /* Employee.m in Sources */,
				22EADFD7173EFD0300ED77E9 /* Team.m in Sources */,
			);
			runOnlyForDeploymentPostprocessing = 0;
		};
		228C0E34173893F90093D659 /* Sources */ = {
			isa = PBXSourcesBuildPhase;
			buildActionMask = 2147483647;
			files = (
				228C0E49173893F90093D659 /* TeamListTests.m in Sources */,
				22EADFCF173EF07E00ED77E9 /* TeamListDAOTests.m in Sources */,
				223E277F1756A7E6008B8B0D /* ShinobiCoreDataSeederTests.m in Sources */,
			);
			runOnlyForDeploymentPostprocessing = 0;
		};
/* End PBXSourcesBuildPhase section */

/* Begin PBXTargetDependency section */
		228C0E40173893F90093D659 /* PBXTargetDependency */ = {
			isa = PBXTargetDependency;
			target = 228C0E13173893F80093D659 /* TeamList */;
			targetProxy = 228C0E3F173893F90093D659 /* PBXContainerItemProxy */;
		};
/* End PBXTargetDependency section */

/* Begin PBXVariantGroup section */
		228C0E22173893F80093D659 /* InfoPlist.strings */ = {
			isa = PBXVariantGroup;
			children = (
				228C0E23173893F80093D659 /* en */,
			);
			name = InfoPlist.strings;
			sourceTree = "<group>";
		};
		228C0E44173893F90093D659 /* InfoPlist.strings */ = {
			isa = PBXVariantGroup;
			children = (
				228C0E45173893F90093D659 /* en */,
			);
			name = InfoPlist.strings;
			sourceTree = "<group>";
		};
/* End PBXVariantGroup section */

/* Begin XCBuildConfiguration section */
		228C0E4A173893F90093D659 /* Debug */ = {
			isa = XCBuildConfiguration;
			buildSettings = {
				ALWAYS_SEARCH_USER_PATHS = NO;
				CLANG_CXX_LANGUAGE_STANDARD = "gnu++0x";
				CLANG_CXX_LIBRARY = "libc++";
				CLANG_ENABLE_OBJC_ARC = YES;
				CLANG_WARN_CONSTANT_CONVERSION = YES;
				CLANG_WARN_EMPTY_BODY = YES;
				CLANG_WARN_ENUM_CONVERSION = YES;
				CLANG_WARN_INT_CONVERSION = YES;
				CLANG_WARN__DUPLICATE_METHOD_MATCH = YES;
				"CODE_SIGN_IDENTITY[sdk=iphoneos*]" = "iPhone Developer";
				COPY_PHASE_STRIP = NO;
				GCC_C_LANGUAGE_STANDARD = gnu99;
				GCC_DYNAMIC_NO_PIC = NO;
				GCC_OPTIMIZATION_LEVEL = 0;
				GCC_PREPROCESSOR_DEFINITIONS = (
					"DEBUG=1",
					"$(inherited)",
				);
				GCC_SYMBOLS_PRIVATE_EXTERN = NO;
				GCC_WARN_64_TO_32_BIT_CONVERSION = YES;
				GCC_WARN_ABOUT_MISSING_FIELD_INITIALIZERS = YES;
				GCC_WARN_ABOUT_MISSING_NEWLINE = YES;
				GCC_WARN_ABOUT_RETURN_TYPE = YES;
				GCC_WARN_CHECK_SWITCH_STATEMENTS = YES;
				GCC_WARN_INITIALIZER_NOT_FULLY_BRACKETED = YES;
				GCC_WARN_MISSING_PARENTHESES = YES;
				GCC_WARN_SHADOW = YES;
				GCC_WARN_SIGN_COMPARE = YES;
				GCC_WARN_TYPECHECK_CALLS_TO_PRINTF = YES;
				GCC_WARN_UNDECLARED_SELECTOR = YES;
				GCC_WARN_UNINITIALIZED_AUTOS = YES;
				GCC_WARN_UNUSED_FUNCTION = YES;
				GCC_WARN_UNUSED_LABEL = YES;
				GCC_WARN_UNUSED_VALUE = YES;
				GCC_WARN_UNUSED_VARIABLE = YES;
				IPHONEOS_DEPLOYMENT_TARGET = 6.1;
				ONLY_ACTIVE_ARCH = YES;
				RUN_CLANG_STATIC_ANALYZER = YES;
				SDKROOT = iphoneos;
				TARGETED_DEVICE_FAMILY = "1,2";
			};
			name = Debug;
		};
		228C0E4B173893F90093D659 /* Release */ = {
			isa = XCBuildConfiguration;
			buildSettings = {
				ALWAYS_SEARCH_USER_PATHS = NO;
				CLANG_CXX_LANGUAGE_STANDARD = "gnu++0x";
				CLANG_CXX_LIBRARY = "libc++";
				CLANG_ENABLE_OBJC_ARC = YES;
				CLANG_WARN_CONSTANT_CONVERSION = YES;
				CLANG_WARN_EMPTY_BODY = YES;
				CLANG_WARN_ENUM_CONVERSION = YES;
				CLANG_WARN_INT_CONVERSION = YES;
				CLANG_WARN__DUPLICATE_METHOD_MATCH = YES;
				"CODE_SIGN_IDENTITY[sdk=iphoneos*]" = "iPhone Developer";
				COPY_PHASE_STRIP = YES;
				GCC_C_LANGUAGE_STANDARD = gnu99;
				GCC_WARN_64_TO_32_BIT_CONVERSION = YES;
				GCC_WARN_ABOUT_MISSING_FIELD_INITIALIZERS = YES;
				GCC_WARN_ABOUT_MISSING_NEWLINE = YES;
				GCC_WARN_ABOUT_RETURN_TYPE = YES;
				GCC_WARN_CHECK_SWITCH_STATEMENTS = YES;
				GCC_WARN_INITIALIZER_NOT_FULLY_BRACKETED = YES;
				GCC_WARN_MISSING_PARENTHESES = YES;
				GCC_WARN_SHADOW = YES;
				GCC_WARN_SIGN_COMPARE = YES;
				GCC_WARN_TYPECHECK_CALLS_TO_PRINTF = YES;
				GCC_WARN_UNDECLARED_SELECTOR = YES;
				GCC_WARN_UNINITIALIZED_AUTOS = YES;
				GCC_WARN_UNUSED_FUNCTION = YES;
				GCC_WARN_UNUSED_LABEL = YES;
				GCC_WARN_UNUSED_VALUE = YES;
				GCC_WARN_UNUSED_VARIABLE = YES;
				IPHONEOS_DEPLOYMENT_TARGET = 6.1;
				OTHER_CFLAGS = "-DNS_BLOCK_ASSERTIONS=1";
				RUN_CLANG_STATIC_ANALYZER = YES;
				SDKROOT = iphoneos;
				TARGETED_DEVICE_FAMILY = "1,2";
				VALIDATE_PRODUCT = YES;
			};
			name = Release;
		};
		228C0E4D173893F90093D659 /* Debug */ = {
			isa = XCBuildConfiguration;
			buildSettings = {
				FRAMEWORK_SEARCH_PATHS = (
					"$(inherited)",
					"\"$(SRCROOT)/ShinobiGrids.embeddedframework\"",
				);
				GCC_PRECOMPILE_PREFIX_HEADER = YES;
				GCC_PREFIX_HEADER = "TeamList/TeamList-Prefix.pch";
				INFOPLIST_FILE = "TeamList/TeamList-Info.plist";
				PRODUCT_NAME = "$(TARGET_NAME)";
				WRAPPER_EXTENSION = app;
			};
			name = Debug;
		};
		228C0E4E173893F90093D659 /* Release */ = {
			isa = XCBuildConfiguration;
			buildSettings = {
				FRAMEWORK_SEARCH_PATHS = (
					"$(inherited)",
					"\"$(SRCROOT)/ShinobiGrids.embeddedframework\"",
				);
				GCC_PRECOMPILE_PREFIX_HEADER = YES;
				GCC_PREFIX_HEADER = "TeamList/TeamList-Prefix.pch";
				GCC_TREAT_WARNINGS_AS_ERRORS = YES;
				INFOPLIST_FILE = "TeamList/TeamList-Info.plist";
				PRODUCT_NAME = "$(TARGET_NAME)";
				WRAPPER_EXTENSION = app;
			};
			name = Release;
		};
		228C0E50173893F90093D659 /* Debug */ = {
			isa = XCBuildConfiguration;
			buildSettings = {
				BUNDLE_LOADER = "$(BUILT_PRODUCTS_DIR)/TeamList.app/TeamList";
				FRAMEWORK_SEARCH_PATHS = (
					"\"$(SDKROOT)/Developer/Library/Frameworks\"",
					"\"$(DEVELOPER_LIBRARY_DIR)/Frameworks\"",
				);
				GCC_PRECOMPILE_PREFIX_HEADER = YES;
				GCC_PREFIX_HEADER = "TeamList/TeamList-Prefix.pch";
				INFOPLIST_FILE = "TeamListTests/TeamListTests-Info.plist";
				PRODUCT_NAME = "$(TARGET_NAME)";
				TEST_HOST = "$(BUNDLE_LOADER)";
				WRAPPER_EXTENSION = octest;
			};
			name = Debug;
		};
		228C0E51173893F90093D659 /* Release */ = {
			isa = XCBuildConfiguration;
			buildSettings = {
				BUNDLE_LOADER = "$(BUILT_PRODUCTS_DIR)/TeamList.app/TeamList";
				FRAMEWORK_SEARCH_PATHS = (
					"\"$(SDKROOT)/Developer/Library/Frameworks\"",
					"\"$(DEVELOPER_LIBRARY_DIR)/Frameworks\"",
				);
				GCC_PRECOMPILE_PREFIX_HEADER = YES;
				GCC_PREFIX_HEADER = "TeamList/TeamList-Prefix.pch";
				INFOPLIST_FILE = "TeamListTests/TeamListTests-Info.plist";
				PRODUCT_NAME = "$(TARGET_NAME)";
				TEST_HOST = "$(BUNDLE_LOADER)";
				WRAPPER_EXTENSION = octest;
			};
			name = Release;
		};
/* End XCBuildConfiguration section */

/* Begin XCConfigurationList section */
		228C0E0F173893F80093D659 /* Build configuration list for PBXProject "TeamList" */ = {
			isa = XCConfigurationList;
			buildConfigurations = (
				228C0E4A173893F90093D659 /* Debug */,
				228C0E4B173893F90093D659 /* Release */,
			);
			defaultConfigurationIsVisible = 0;
			defaultConfigurationName = Release;
		};
		228C0E4C173893F90093D659 /* Build configuration list for PBXNativeTarget "TeamList" */ = {
			isa = XCConfigurationList;
			buildConfigurations = (
				228C0E4D173893F90093D659 /* Debug */,
				228C0E4E173893F90093D659 /* Release */,
			);
			defaultConfigurationIsVisible = 0;
			defaultConfigurationName = Release;
		};
		228C0E4F173893F90093D659 /* Build configuration list for PBXNativeTarget "TeamListTests" */ = {
			isa = XCConfigurationList;
			buildConfigurations = (
				228C0E50173893F90093D659 /* Debug */,
				228C0E51173893F90093D659 /* Release */,
			);
			defaultConfigurationIsVisible = 0;
			defaultConfigurationName = Release;
		};
/* End XCConfigurationList section */

/* Begin XCVersionGroup section */
		228C0E31173893F90093D659 /* TeamList.xcdatamodeld */ = {
			isa = XCVersionGroup;
			children = (
				228C0E32173893F90093D659 /* TeamList.xcdatamodel */,
			);
			currentVersion = 228C0E32173893F90093D659 /* TeamList.xcdatamodel */;
			path = TeamList.xcdatamodeld;
			sourceTree = "<group>";
			versionGroupType = wrapper.xcdatamodel;
		};
/* End XCVersionGroup section */
	};
	rootObject = 228C0E0C173893F80093D659 /* Project object */;
}
